
Microsoft Visual Studio Solution File, Format Version 12.00
# Visual Studio Version 17
VisualStudioVersion = 17.9.34728.123
MinimumVisualStudioVersion = 10.0.40219.1
Project("{FAE04EC0-301F-11D3-BF4B-00C04F79EFBC}") = "WebAPI", "WebAPI\WebAPI.csproj", "{94F07928-0E39-4504-BAD5-192813AD5072}"
EndProject
Global
	GlobalSection(SolutionConfigurationPlatforms) = preSolution
		Debug|Any CPU = Debug|Any CPU
		Release|Any CPU = Release|Any CPU
	EndGlobalSection
	GlobalSection(ProjectConfigurationPlatforms) = postSolution
		{94F07928-0E39-4504-BAD5-192813AD5072}.Debug|Any CPU.ActiveCfg = Debug|Any CPU
		{94F07928-0E39-4504-BAD5-192813AD5072}.Debug|Any CPU.Build.0 = Debug|Any CPU
		{94F07928-0E39-4504-BAD5-192813AD5072}.Release|Any CPU.ActiveCfg = Release|Any CPU
		{94F07928-0E39-4504-BAD5-192813AD5072}.Release|Any CPU.Build.0 = Release|Any CPU
	EndGlobalSection
	GlobalSection(SolutionProperties) = preSolution
		HideSolutionNode = FALSE
	EndGlobalSection
	GlobalSection(ExtensibilityGlobals) = postSolution
		SolutionGuid = {FDEC6B19-02BF-4DE6-BBF1-18C1F69C75CB}
	EndGlobalSection
EndGlobal
